
Microsoft Visual Studio Solution File, Format Version 12.00
# Visual Studio Version 17
VisualStudioVersion = 17.0.31903.59
MinimumVisualStudioVersion = 10.0.40219.1
Project("{FAE04EC0-301F-11D3-BF4B-00C04F79EFBC}") = "SimCrewOps.Scoring", "SimCrewOps.Scoring\SimCrewOps.Scoring.csproj", "{A1B2C3D4-E5F6-7890-ABCD-EF1234567890}"
EndProject
Project("{FAE04EC0-301F-11D3-BF4B-00C04F79EFBC}") = "SimCrewOps.Scoring.Tests", "SimCrewOps.Scoring.Tests\SimCrewOps.Scoring.Tests.csproj", "{B2C3D4E5-F6A7-8901-BCDE-F12345678901}"
EndProject
Project("{FAE04EC0-301F-11D3-BF4B-00C04F79EFBC}") = "SimCrewOps.Tracking", "SimCrewOps.Tracking\SimCrewOps.Tracking.csproj", "{C3D4E5F6-A7B8-9012-CDEF-123456789012}"
EndProject
Project("{FAE04EC0-301F-11D3-BF4B-00C04F79EFBC}") = "SimCrewOps.Tracking.Tests", "SimCrewOps.Tracking.Tests\SimCrewOps.Tracking.Tests.csproj", "{D4E5F6A7-B8C9-0123-DEF0-234567890123}"
EndProject
Project("{FAE04EC0-301F-11D3-BF4B-00C04F79EFBC}") = "SimCrewOps.PhaseEngine", "SimCrewOps.PhaseEngine\SimCrewOps.PhaseEngine.csproj", "{E5F6A7B8-C9D0-1234-EF01-345678901234}"
EndProject
Project("{FAE04EC0-301F-11D3-BF4B-00C04F79EFBC}") = "SimCrewOps.PhaseEngine.Tests", "SimCrewOps.PhaseEngine.Tests\SimCrewOps.PhaseEngine.Tests.csproj", "{F6A7B8C9-D0E1-2345-F012-456789012345}"
EndProject
Project("{FAE04EC0-301F-11D3-BF4B-00C04F79EFBC}") = "SimCrewOps.Runways", "SimCrewOps.Runways\SimCrewOps.Runways.csproj", "{07A9F2D8-7A3A-4F12-9DBA-935F81E7B801}"
EndProject
Project("{FAE04EC0-301F-11D3-BF4B-00C04F79EFBC}") = "SimCrewOps.Runways.Tests", "SimCrewOps.Runways.Tests\SimCrewOps.Runways.Tests.csproj", "{0F7B1E67-AE21-4D7D-8CA2-C91320F67D5C}"
EndProject
Project("{FAE04EC0-301F-11D3-BF4B-00C04F79EFBC}") = "SimCrewOps.Runtime", "SimCrewOps.Runtime\SimCrewOps.Runtime.csproj", "{6E5E4507-90B0-42CF-AE1C-6C86ADCCB6C2}"
EndProject
Project("{FAE04EC0-301F-11D3-BF4B-00C04F79EFBC}") = "SimCrewOps.Runtime.Tests", "SimCrewOps.Runtime.Tests\SimCrewOps.Runtime.Tests.csproj", "{D80DA441-CB9A-44D5-8B7B-A68DD99818F1}"
EndProject
Project("{FAE04EC0-301F-11D3-BF4B-00C04F79EFBC}") = "SimCrewOps.Persistence", "SimCrewOps.Persistence\SimCrewOps.Persistence.csproj", "{7BEBE4E0-D8BC-47B9-856C-E8EAE672ADFB}"
EndProject
Project("{FAE04EC0-301F-11D3-BF4B-00C04F79EFBC}") = "SimCrewOps.Persistence.Tests", "SimCrewOps.Persistence.Tests\SimCrewOps.Persistence.Tests.csproj", "{5A1F0E6D-7143-4E47-BDC9-A0AA2E438C96}"
EndProject
Global
	GlobalSection(SolutionConfigurationPlatforms) = preSolution
		Debug|Any CPU = Debug|Any CPU
		Release|Any CPU = Release|Any CPU
	EndGlobalSection
	GlobalSection(ProjectConfigurationPlatforms) = postSolution
		{A1B2C3D4-E5F6-7890-ABCD-EF1234567890}.Debug|Any CPU.ActiveCfg = Debug|Any CPU
		{A1B2C3D4-E5F6-7890-ABCD-EF1234567890}.Debug|Any CPU.Build.0 = Debug|Any CPU
		{A1B2C3D4-E5F6-7890-ABCD-EF1234567890}.Release|Any CPU.ActiveCfg = Release|Any CPU
		{A1B2C3D4-E5F6-7890-ABCD-EF1234567890}.Release|Any CPU.Build.0 = Release|Any CPU
		{B2C3D4E5-F6A7-8901-BCDE-F12345678901}.Debug|Any CPU.ActiveCfg = Debug|Any CPU
		{B2C3D4E5-F6A7-8901-BCDE-F12345678901}.Debug|Any CPU.Build.0 = Debug|Any CPU
		{B2C3D4E5-F6A7-8901-BCDE-F12345678901}.Release|Any CPU.ActiveCfg = Release|Any CPU
		{B2C3D4E5-F6A7-8901-BCDE-F12345678901}.Release|Any CPU.Build.0 = Release|Any CPU
		{C3D4E5F6-A7B8-9012-CDEF-123456789012}.Debug|Any CPU.ActiveCfg = Debug|Any CPU
		{C3D4E5F6-A7B8-9012-CDEF-123456789012}.Debug|Any CPU.Build.0 = Debug|Any CPU
		{C3D4E5F6-A7B8-9012-CDEF-123456789012}.Release|Any CPU.ActiveCfg = Release|Any CPU
		{C3D4E5F6-A7B8-9012-CDEF-123456789012}.Release|Any CPU.Build.0 = Release|Any CPU
		{D4E5F6A7-B8C9-0123-DEF0-234567890123}.Debug|Any CPU.ActiveCfg = Debug|Any CPU
		{D4E5F6A7-B8C9-0123-DEF0-234567890123}.Debug|Any CPU.Build.0 = Debug|Any CPU
		{D4E5F6A7-B8C9-0123-DEF0-234567890123}.Release|Any CPU.ActiveCfg = Release|Any CPU
		{D4E5F6A7-B8C9-0123-DEF0-234567890123}.Release|Any CPU.Build.0 = Release|Any CPU
		{E5F6A7B8-C9D0-1234-EF01-345678901234}.Debug|Any CPU.ActiveCfg = Debug|Any CPU
		{E5F6A7B8-C9D0-1234-EF01-345678901234}.Debug|Any CPU.Build.0 = Debug|Any CPU
		{E5F6A7B8-C9D0-1234-EF01-345678901234}.Release|Any CPU.ActiveCfg = Release|Any CPU
		{E5F6A7B8-C9D0-1234-EF01-345678901234}.Release|Any CPU.Build.0 = Release|Any CPU
		{F6A7B8C9-D0E1-2345-F012-456789012345}.Debug|Any CPU.ActiveCfg = Debug|Any CPU
		{F6A7B8C9-D0E1-2345-F012-456789012345}.Debug|Any CPU.Build.0 = Debug|Any CPU
		{F6A7B8C9-D0E1-2345-F012-456789012345}.Release|Any CPU.ActiveCfg = Release|Any CPU
		{F6A7B8C9-D0E1-2345-F012-456789012345}.Release|Any CPU.Build.0 = Release|Any CPU
		{07A9F2D8-7A3A-4F12-9DBA-935F81E7B801}.Debug|Any CPU.ActiveCfg = Debug|Any CPU
		{07A9F2D8-7A3A-4F12-9DBA-935F81E7B801}.Debug|Any CPU.Build.0 = Debug|Any CPU
		{07A9F2D8-7A3A-4F12-9DBA-935F81E7B801}.Release|Any CPU.ActiveCfg = Release|Any CPU
		{07A9F2D8-7A3A-4F12-9DBA-935F81E7B801}.Release|Any CPU.Build.0 = Release|Any CPU
		{0F7B1E67-AE21-4D7D-8CA2-C91320F67D5C}.Debug|Any CPU.ActiveCfg = Debug|Any CPU
		{0F7B1E67-AE21-4D7D-8CA2-C91320F67D5C}.Debug|Any CPU.Build.0 = Debug|Any CPU
		{0F7B1E67-AE21-4D7D-8CA2-C91320F67D5C}.Release|Any CPU.ActiveCfg = Release|Any CPU
		{0F7B1E67-AE21-4D7D-8CA2-C91320F67D5C}.Release|Any CPU.Build.0 = Release|Any CPU
		{6E5E4507-90B0-42CF-AE1C-6C86ADCCB6C2}.Debug|Any CPU.ActiveCfg = Debug|Any CPU
		{6E5E4507-90B0-42CF-AE1C-6C86ADCCB6C2}.Debug|Any CPU.Build.0 = Debug|Any CPU
		{6E5E4507-90B0-42CF-AE1C-6C86ADCCB6C2}.Release|Any CPU.ActiveCfg = Release|Any CPU
		{6E5E4507-90B0-42CF-AE1C-6C86ADCCB6C2}.Release|Any CPU.Build.0 = Release|Any CPU
		{D80DA441-CB9A-44D5-8B7B-A68DD99818F1}.Debug|Any CPU.ActiveCfg = Debug|Any CPU
		{D80DA441-CB9A-44D5-8B7B-A68DD99818F1}.Debug|Any CPU.Build.0 = Debug|Any CPU
		{D80DA441-CB9A-44D5-8B7B-A68DD99818F1}.Release|Any CPU.ActiveCfg = Release|Any CPU
		{D80DA441-CB9A-44D5-8B7B-A68DD99818F1}.Release|Any CPU.Build.0 = Release|Any CPU
		{7BEBE4E0-D8BC-47B9-856C-E8EAE672ADFB}.Debug|Any CPU.ActiveCfg = Debug|Any CPU
		{7BEBE4E0-D8BC-47B9-856C-E8EAE672ADFB}.Debug|Any CPU.Build.0 = Debug|Any CPU
		{7BEBE4E0-D8BC-47B9-856C-E8EAE672ADFB}.Release|Any CPU.ActiveCfg = Release|Any CPU
		{7BEBE4E0-D8BC-47B9-856C-E8EAE672ADFB}.Release|Any CPU.Build.0 = Release|Any CPU
		{5A1F0E6D-7143-4E47-BDC9-A0AA2E438C96}.Debug|Any CPU.ActiveCfg = Debug|Any CPU
		{5A1F0E6D-7143-4E47-BDC9-A0AA2E438C96}.Debug|Any CPU.Build.0 = Debug|Any CPU
		{5A1F0E6D-7143-4E47-BDC9-A0AA2E438C96}.Release|Any CPU.ActiveCfg = Release|Any CPU
		{5A1F0E6D-7143-4E47-BDC9-A0AA2E438C96}.Release|Any CPU.Build.0 = Release|Any CPU
	EndGlobalSection
	GlobalSection(SolutionProperties) = preSolution
		HideSolutionNode = FALSE
	EndGlobalSection
EndGlobal
